{
  "nodes": {
    "colmena": {
      "inputs": {
        "nix-github-actions": "nix-github-actions",
        "nixpkgs": [
          "nixpkgs"
        ],
        "stable": "stable",
        "systems": "systems"
      },
      "locked": {
        "lastModified": 1790716853,
        "narHash": "sha256-IT0OZW81jngocoxi9Gg2CTSGOC1O6qLioW17nevqIUk=",
        "owner": "zhaofengli",
        "repo": "colmena",
        "rev": "524ddd89f62721a92e8629063d347e7a1ed390de",
        "type": "github"
      },
      "original": {
        "owner": "zhaofengli",
        "repo": "colmena",
        "type": "github"
      }
    },
    "flake-parts": {
      "inputs": {
        "nixpkgs-lib": "nixpkgs-lib"
      },
      "locked": {
        "lastModified": 1790898470,
        "narHash": "sha256-zTwuwezD0w3hpga6a6P8emidzAZFyWqlNeRBlpWOOl8=",
        "owner": "hercules-ci",
        "repo": "flake-parts",
        "rev": "024633cd702b10285db5cb19b40ad48d2399ba60",
        "type": "github"
      },
      "original": {
        "id": "flake-parts",
        "type": "indirect"
      }
    },
    "flake-utils": {
      "inputs": {
        "systems": "systems_2"
      },
      "locked": {
        "lastModified": 1731533236,
        "narHash": "sha256-l0KFg5HjrsfsO/JpG+r7fRrqm12kzFHyUHqHCVpMMbI=",
        "owner": "numtide",
        "repo": "flake-utils",
        "rev": "11707dc2f618dd54ca8739b309ec4fc024de578b",
        "type": "github"
      },
      "original": {
        "owner": "numtide",
        "repo": "flake-utils",
        "type": "github"
      }
    },
    "mineshspc": {
      "inputs": {
        "flake-utils": "flake-utils",
        "nixpkgs": [
          "nixpkgs"
        ]
      },
      "locked": {
        "lastModified": 1790011771,
        "narHash": "sha256-YhOB0fnADa+orOpL30VKadxb8dpEUo16LU7hZCJ4aL0=",
        "owner": "ColoradoSchoolOfMines",
        "repo": "mineshspc.com",
        "rev": "feb4bb0d477cc62666a54fcc5058beb0af443366",
        "type": "github"
      },
      "original": {
        "owner": "ColoradoSchoolOfMines",
        "repo": "mineshspc.com",
        "type": "github"
      }
    },
    "nix-github-actions": {
      "inputs": {
        "nixpkgs": [
          "colmena",
          "nixpkgs"
        ]
      },
      "locked": {
        "lastModified": 1737420293,
        "narHash": "sha256-F1G5ifvqTpJq7fdkT34e/Jy9VCyzd5XfJ9TO8fHhJWE=",
        "owner": "nix-community",
        "repo": "nix-github-actions",
        "rev": "f4158fa080ef4503c8f4c820967d946c2af31ec9",
        "type": "github"
      },
      "original": {
        "owner": "nix-community",
        "repo": "nix-github-actions",
        "type": "github"
      }
    },
    "nixpkgs": {
      "locked": {
        "lastModified": 1790822859,
        "narHash": "sha256-69xHQhAeMAD2wDXO7T2pcOZIF9Sga2W+JkmY2a11Ops=",
        "owner": "NixOS",
        "repo": "nixpkgs",
        "rev": "c59305bab2065cfecc4944690d9eedbb56f3a9fa",
        "type": "github"
      },
      "original": {
        "owner": "NixOS",
        "ref": "nixos-unstable",
        "repo": "nixpkgs",
        "type": "github"
      }
    },
    "nixpkgs-lib": {
      "locked": {
        "lastModified": 1790477367,
        "narHash": "sha256-oujbxmVKDhci2E4EM3KyAbRUgp5/IsCoiA/LfEF7OOk=",
        "owner": "nix-community",
        "repo": "nixpkgs.lib",
        "rev": "f7cd230690d9fc982d06129f9189b101fddcfa3b",
        "type": "github"
      },
      "original": {
        "owner": "nix-community",
        "repo": "nixpkgs.lib",
        "type": "github"
      }
    },
    "root": {
      "inputs": {
        "colmena": "colmena",
        "flake-parts": "flake-parts",
        "mineshspc": "mineshspc",
        "nixpkgs": "nixpkgs"
      }
    },
    "stable": {
      "locked": {
        "lastModified": 1790608446,
        "narHash": "sha256-CYsYyk0zInkpQ6ojuCpvb9MahlhFXkeZpzjOU9Lxkpk=",
        "owner": "nixos",
        "repo": "nixpkgs",
        "rev": "c619be20e3508300c88af8aeafeaa7017559313f",
        "type": "github"
      },
      "original": {
        "owner": "nixos",
        "ref": "release-26.05",
        "repo": "nixpkgs",
        "type": "github"
      }
    },
    "systems": {
      "locked": {
        "lastModified": 1776166891,
        "narHash": "sha256-bI8yrEGjrohR5hkQox7UrxDH7XqrYMwI8SL/LrJ1+S8=",
        "owner": "nix-systems",
        "repo": "triplet",
        "rev": "6de7bc09397911ce03636afbcf6118745ab2cda0",
        "type": "github"
      },
      "original": {
        "owner": "nix-systems",
        "repo": "triplet",
        "type": "github"
      }
    },
    "systems_2": {
      "locked": {
        "lastModified": 1681028828,
        "narHash": "sha256-Vy1rq5AaRuLzOxct8nz4T6wlgyUR7zLU309k9mBC768=",
        "owner": "nix-systems",
        "repo": "default",
        "rev": "da67096a3b9bf56a91d16901293e51ba5b49a27e",
        "type": "github"
      },
      "original": {
        "owner": "nix-systems",
        "repo": "default",
        "type": "github"
      }
    }
  },
  "root": "root",
  "version": 7
}
